
Microsoft Visual Studio Solution File, Format Version 12.00
# Visual Studio Version 16
VisualStudioVersion = 16.0.28407.52
MinimumVisualStudioVersion = 10.0.40219.1
Project("{FAE04EC0-301F-11D3-BF4B-00C04F79EFBC}") = "Server", "Server.csproj", "{BCA56D9C-5492-4E9D-A088-C9190996A7B6}"
EndProject
Global
	GlobalSection(SolutionConfigurationPlatforms) = preSolution
		Debug|Any CPU = Debug|Any CPU
		Release|Any CPU = Release|Any CPU
	EndGlobalSection
	GlobalSection(ProjectConfigurationPlatforms) = postSolution
		{BCA56D9C-5492-4E9D-A088-C9190996A7B6}.Debug|Any CPU.ActiveCfg = Debug|Any CPU
		{BCA56D9C-5492-4E9D-A088-C9190996A7B6}.Debug|Any CPU.Build.0 = Debug|Any CPU
		{BCA56D9C-5492-4E9D-A088-C9190996A7B6}.Release|Any CPU.ActiveCfg = Release|Any CPU
		{BCA56D9C-5492-4E9D-A088-C9190996A7B6}.Release|Any CPU.Build.0 = Release|Any CPU
	EndGlobalSection
	GlobalSection(SolutionProperties) = preSolution
		HideSolutionNode = FALSE
	EndGlobalSection
	GlobalSection(ExtensibilityGlobals) = postSolution
		SolutionGuid = {C1CE119F-D400-4B2B-B052-90603CE7B410}
	EndGlobalSection
EndGlobal
